// !$*UTF8*$!
{
	archiveVersion = 1;
	classes = {
	};
	objectVersion = 46;
	objects = {

/* Begin PBXBuildFile section */
		411577911BC0B4FF00DD0066 /* AppDelegate.swift in Sources */ = {isa = PBXBuildFile; fileRef = 411577901BC0B4FF00DD0066 /* AppDelegate.swift */; };
		411577961BC0B4FF00DD0066 /* Main.storyboard in Resources */ = {isa = PBXBuildFile; fileRef = 411577941BC0B4FF00DD0066 /* Main.storyboard */; };
		411577981BC0B4FF00DD0066 /* Assets.xcassets in Resources */ = {isa = PBXBuildFile; fileRef = 411577971BC0B4FF00DD0066 /* Assets.xcassets */; };
		4115779B1BC0B4FF00DD0066 /* LaunchScreen.storyboard in Resources */ = {isa = PBXBuildFile; fileRef = 411577991BC0B4FF00DD0066 /* LaunchScreen.storyboard */; };
		41F5C80F1BC1FEE0001E870B /* MemeEditorViewController.swift in Sources */ = {isa = PBXBuildFile; fileRef = 41F5C80E1BC1FEE0001E870B /* MemeEditorViewController.swift */; settings = {ASSET_TAGS = (); }; };
/* End PBXBuildFile section */

/* Begin PBXFileReference section */
		4115778D1BC0B4FF00DD0066 /* MemeMe.app */ = {isa = PBXFileReference; explicitFileType = wrapper.application; includeInIndex = 0; path = MemeMe.app; sourceTree = BUILT_PRODUCTS_DIR; };
		411577901BC0B4FF00DD0066 /* AppDelegate.swift */ = {isa = PBXFileReference; lastKnownFileType = sourcecode.swift; path = AppDelegate.swift; sourceTree = "<group>"; };
		411577951BC0B4FF00DD0066 /* Base */ = {isa = PBXFileReference; lastKnownFileType = file.storyboard; name = Base; path = Base.lproj/Main.storyboard; sourceTree = "<group>"; };
		411577971BC0B4FF00DD0066 /* Assets.xcassets */ = {isa = PBXFileReference; lastKnownFileType = folder.assetcatalog; path = Assets.xcassets; sourceTree = "<group>"; };
		4115779A1BC0B4FF00DD0066 /* Base */ = {isa = PBXFileReference; lastKnownFileType = file.storyboard; name = Base; path = Base.lproj/LaunchScreen.storyboard; sourceTree = "<group>"; };
		4115779C1BC0B4FF00DD0066 /* Info.plist */ = {isa = PBXFileReference; lastKnownFileType = text.plist.xml; path = Info.plist; sourceTree = "<group>"; };
		41F5C80E1BC1FEE0001E870B /* MemeEditorViewController.swift */ = {isa = PBXFileReference; fileEncoding = 4; lastKnownFileType = sourcecode.swift; path = MemeEditorViewController.swift; sourceTree = "<group>"; };
/* End PBXFileReference section */

/* Begin PBXFrameworksBuildPhase section */
		4115778A1BC0B4FF00DD0066 /* Frameworks */ = {
			isa = PBXFrameworksBuildPhase;
			buildActionMask = 2147483647;
			files = (
			);
			runOnlyForDeploymentPostprocessing = 0;
		};
/* End PBXFrameworksBuildPhase section */

/* Begin PBXGroup section */
		411577841BC0B4FF00DD0066 = {
			isa = PBXGroup;
			children = (
				4115778F1BC0B4FF00DD0066 /* MemeMe */,
				4115778E1BC0B4FF00DD0066 /* Products */,
			);
			sourceTree = "<group>";
		};
		4115778E1BC0B4FF00DD0066 /* Products */ = {
			isa = PBXGroup;
			children = (
				4115778D1BC0B4FF00DD0066 /* MemeMe.app */,
			);
			name = Products;
			sourceTree = "<group>";
		};
		4115778F1BC0B4FF00DD0066 /* MemeMe */ = {
			isa = PBXGroup;
			children = (
				411577901BC0B4FF00DD0066 /* AppDelegate.swift */,
				41F5C80E1BC1FEE0001E870B /* MemeEditorViewController.swift */,
				411577941BC0B4FF00DD0066 /* Main.storyboard */,
				411577971BC0B4FF00DD0066 /* Assets.xcassets */,
				411577991BC0B4FF00DD0066 /* LaunchScreen.storyboard */,
				4115779C1BC0B4FF00DD0066 /* Info.plist */,
			);
			path = MemeMe;
			sourceTree = "<group>";
		};
/* End PBXGroup section */

/* Begin PBXNativeTarget section */
		4115778C1BC0B4FF00DD0066 /* MemeMe */ = {
			isa = PBXNativeTarget;
			buildConfigurationList = 4115779F1BC0B4FF00DD0066 /* Build configuration list for PBXNativeTarget "MemeMe" */;
			buildPhases = (
				411577891BC0B4FF00DD0066 /* Sources */,
				4115778A1BC0B4FF00DD0066 /* Frameworks */,
				4115778B1BC0B4FF00DD0066 /* Resources */,
			);
			buildRules = (
			);
			dependencies = (
			);
			name = MemeMe;
			productName = MemeMe;
			productReference = 4115778D1BC0B4FF00DD0066 /* MemeMe.app */;
			productType = "com.apple.product-type.application";
		};
/* End PBXNativeTarget section */

/* Begin PBXProject section */
		411577851BC0B4FF00DD0066 /* Project object */ = {
			isa = PBXProject;
			attributes = {
				LastUpgradeCheck = 0700;
				ORGANIZATIONNAME = "Moaz Ahmed";
				TargetAttributes = {
					4115778C1BC0B4FF00DD0066 = {
						CreatedOnToolsVersion = 7.0;
						DevelopmentTeam = 5Q89ZG6CM6;
					};
				};
			};
			buildConfigurationList = 411577881BC0B4FF00DD0066 /* Build configuration list for PBXProject "MemeMe" */;
			compatibilityVersion = "Xcode 3.2";
			developmentRegion = English;
			hasScannedForEncodings = 0;
			knownRegions = (
				en,
				Base,
			);
			mainGroup = 411577841BC0B4FF00DD0066;
			productRefGroup = 4115778E1BC0B4FF00DD0066 /* Products */;
			projectDirPath = "";
			projectRoot = "";
			targets = (
				4115778C1BC0B4FF00DD0066 /* MemeMe */,
			);
		};
/* End PBXProject section */

/* Begin PBXResourcesBuildPhase section */
		4115778B1BC0B4FF00DD0066 /* Resources */ = {
			isa = PBXResourcesBuildPhase;
			buildActionMask = 2147483647;
			files = (
				4115779B1BC0B4FF00DD0066 /* LaunchScreen.storyboard in Resources */,
				411577981BC0B4FF00DD0066 /* Assets.xcassets in Resources */,
				411577961BC0B4FF00DD0066 /* Main.storyboard in Resources */,
			);
			runOnlyForDeploymentPostprocessing = 0;
		};
/* End PBXResourcesBuildPhase section */

/* Begin PBXSourcesBuildPhase section */
		411577891BC0B4FF00DD0066 /* Sources */ = {
			isa = PBXSourcesBuildPhase;
			buildActionMask = 2147483647;
			files = (
				411577911BC0B4FF00DD0066 /* AppDelegate.swift in Sources */,
				41F5C80F1BC1FEE0001E870B /* MemeEditorViewController.swift in Sources */,
			);
			runOnlyForDeploymentPostprocessing = 0;
		};
/* End PBXSourcesBuildPhase section */

/* Begin PBXVariantGroup section */
		411577941BC0B4FF00DD0066 /* Main.storyboard */ = {
			isa = PBXVariantGroup;
			children = (
				411577951BC0B4FF00DD0066 /* Base */,
			);
			name = Main.storyboard;
			sourceTree = "<group>";
		};
		411577991BC0B4FF00DD0066 /* LaunchScreen.storyboard */ = {
			isa = PBXVariantGroup;
			children = (
				4115779A1BC0B4FF00DD0066 /* Base */,
			);
			name = LaunchScreen.storyboard;
			sourceTree = "<group>";
		};
/* End PBXVariantGroup section */

/* Begin XCBuildConfiguration section */
		4115779D1BC0B4FF00DD0066 /* Debug */ = {
			isa = XCBuildConfiguration;
			buildSettings = {
				ALWAYS_SEARCH_USER_PATHS = NO;
				CLANG_CXX_LANGUAGE_STANDARD = "gnu++0x";
				CLANG_CXX_LIBRARY = "libc++";
				CLANG_ENABLE_MODULES = YES;
				CLANG_ENABLE_OBJC_ARC = YES;
				CLANG_WARN_BOOL_CONVERSION = YES;
				CLANG_WARN_CONSTANT_CONVERSION = YES;
				CLANG_WARN_DIRECT_OBJC_ISA_USAGE = YES_ERROR;
				CLANG_WARN_EMPTY_BODY = YES;
				CLANG_WARN_ENUM_CONVERSION = YES;
				CLANG_WARN_INT_CONVERSION = YES;
				CLANG_WARN_OBJC_ROOT_CLASS = YES_ERROR;
				CLANG_WARN_UNREACHABLE_CODE = YES;
				CLANG_WARN__DUPLICATE_METHOD_MATCH = YES;
				"CODE_SIGN_IDENTITY[sdk=iphoneos*]" = "iPhone Developer";
				COPY_PHASE_STRIP = NO;
				DEBUG_INFORMATION_FORMAT = dwarf;
				ENABLE_STRICT_OBJC_MSGSEND = YES;
				ENABLE_TESTABILITY = YES;
				GCC_C_LANGUAGE_STANDARD = gnu99;
				GCC_DYNAMIC_NO_PIC = NO;
				GCC_NO_COMMON_BLOCKS = YES;
				GCC_OPTIMIZATION_LEVEL = 0;
				GCC_PREPROCESSOR_DEFINITIONS = (
					"DEBUG=1",
					"$(inherited)",
				);
				GCC_WARN_64_TO_32_BIT_CONVERSION = YES;
				GCC_WARN_ABOUT_RETURN_TYPE = YES_ERROR;
				GCC_WARN_UNDECLARED_SELECTOR = YES;
				GCC_WARN_UNINITIALIZED_AUTOS = YES_AGGRESSIVE;
				GCC_WARN_UNUSED_FUNCTION = YES;
				GCC_WARN_UNUSED_VARIABLE = YES;
				IPHONEOS_DEPLOYMENT_TARGET = 9.0;
				MTL_ENABLE_DEBUG_INFO = YES;
				ONLY_ACTIVE_ARCH = YES;
				SDKROOT = iphoneos;
				SWIFT_OPTIMIZATION_LEVEL = "-Onone";
			};
			name = Debug;
		};
		4115779E1BC0B4FF00DD0066 /* Release */ = {
			isa = XCBuildConfiguration;
			buildSettings = {
				ALWAYS_SEARCH_USER_PATHS = NO;
				CLANG_CXX_LANGUAGE_STANDARD = "gnu++0x";
				CLANG_CXX_LIBRARY = "libc++";
				CLANG_ENABLE_MODULES = YES;
				CLANG_ENABLE_OBJC_ARC = YES;
				CLANG_WARN_BOOL_CONVERSION = YES;
				CLANG_WARN_CONSTANT_CONVERSION = YES;
				CLANG_WARN_DIRECT_OBJC_ISA_USAGE = YES_ERROR;
				CLANG_WARN_EMPTY_BODY = YES;
				CLANG_WARN_ENUM_CONVERSION = YES;
				CLANG_WARN_INT_CONVERSION = YES;
				CLANG_WARN_OBJC_ROOT_CLASS = YES_ERROR;
				CLANG_WARN_UNREACHABLE_CODE = YES;
				CLANG_WARN__DUPLICATE_METHOD_MATCH = YES;
				"CODE_SIGN_IDENTITY[sdk=iphoneos*]" = "iPhone Developer";
				COPY_PHASE_STRIP = NO;
				DEBUG_INFORMATION_FORMAT = "dwarf-with-dsym";
				ENABLE_NS_ASSERTIONS = NO;
				ENABLE_STRICT_OBJC_MSGSEND = YES;
				GCC_C_LANGUAGE_STANDARD = gnu99;
				GCC_NO_COMMON_BLOCKS = YES;
				GCC_WARN_64_TO_32_BIT_CONVERSION = YES;
				GCC_WARN_ABOUT_RETURN_TYPE = YES_ERROR;
				GCC_WARN_UNDECLARED_SELECTOR = YES;
				GCC_WARN_UNINITIALIZED_AUTOS = YES_AGGRESSIVE;
				GCC_WARN_UNUSED_FUNCTION = YES;
				GCC_WARN_UNUSED_VARIABLE = YES;
				IPHONEOS_DEPLOYMENT_TARGET = 9.0;
				MTL_ENABLE_DEBUG_INFO = NO;
				SDKROOT = iphoneos;
				VALIDATE_PRODUCT = YES;
			};
			name = Release;
		};
		411577A01BC0B4FF00DD0066 /* Debug */ = {
			isa = XCBuildConfiguration;
			buildSettings = {
				ASSETCATALOG_COMPILER_APPICON_NAME = AppIcon;
				INFOPLIST_FILE = MemeMe/Info.plist;
				LD_RUNPATH_SEARCH_PATHS = "$(inherited) @executable_path/Frameworks";
				PRODUCT_BUNDLE_IDENTIFIER = com.moaz.ahmed.MemeMe;
				PRODUCT_NAME = "$(TARGET_NAME)";
				TARGETED_DEVICE_FAMILY = "1,2";
			};
			name = Debug;
		};
		411577A11BC0B4FF00DD0066 /* Release */ = {
			isa = XCBuildConfiguration;
			buildSettings = {
				ASSETCATALOG_COMPILER_APPICON_NAME = AppIcon;
				INFOPLIST_FILE = MemeMe/Info.plist;
				LD_RUNPATH_SEARCH_PATHS = "$(inherited) @executable_path/Frameworks";
				PRODUCT_BUNDLE_IDENTIFIER = com.moaz.ahmed.MemeMe;
				PRODUCT_NAME = "$(TARGET_NAME)";
				TARGETED_DEVICE_FAMILY = "1,2";
			};
			name = Release;
		};
/* End XCBuildConfiguration section */

/* Begin XCConfigurationList section */
		411577881BC0B4FF00DD0066 /* Build configuration list for PBXProject "MemeMe" */ = {
			isa = XCConfigurationList;
			buildConfigurations = (
				4115779D1BC0B4FF00DD0066 /* Debug */,
				4115779E1BC0B4FF00DD0066 /* Release */,
			);
			defaultConfigurationIsVisible = 0;
			defaultConfigurationName = Release;
		};
		4115779F1BC0B4FF00DD0066 /* Build configuration list for PBXNativeTarget "MemeMe" */ = {
			isa = XCConfigurationList;
			buildConfigurations = (
				411577A01BC0B4FF00DD0066 /* Debug */,
				411577A11BC0B4FF00DD0066 /* Release */,
			);
			defaultConfigurationIsVisible = 0;
			defaultConfigurationName = Release;
		};
/* End XCConfigurationList section */
	};
	rootObject = 411577851BC0B4FF00DD0066 /* Project object */;
}
